
Microsoft Visual Studio Solution File, Format Version 12.00
# Visual Studio 14
VisualStudioVersion = 14.0.25420.1
MinimumVisualStudioVersion = 10.0.40219.1
Project("{FAE04EC0-301F-11D3-BF4B-00C04F79EFBC}") = "BabysitterKata", "BabysitterKata\BabysitterKata.csproj", "{2D058BD4-FE4C-4FFE-B644-1EC6A34CDC92}"
EndProject
Project("{FAE04EC0-301F-11D3-BF4B-00C04F79EFBC}") = "BabysitterKataTests", "BabysitterKataTests\BabysitterKataTests.csproj", "{3C730A3D-74BE-4F44-AA6D-C7727E364B8A}"
EndProject
Global
	GlobalSection(SolutionConfigurationPlatforms) = preSolution
		Debug|Any CPU = Debug|Any CPU
		Release|Any CPU = Release|Any CPU
	EndGlobalSection
	GlobalSection(ProjectConfigurationPlatforms) = postSolution
		{2D058BD4-FE4C-4FFE-B644-1EC6A34CDC92}.Debug|Any CPU.ActiveCfg = Debug|Any CPU
		{2D058BD4-FE4C-4FFE-B644-1EC6A34CDC92}.Debug|Any CPU.Build.0 = Debug|Any CPU
		{2D058BD4-FE4C-4FFE-B644-1EC6A34CDC92}.Release|Any CPU.ActiveCfg = Release|Any CPU
		{2D058BD4-FE4C-4FFE-B644-1EC6A34CDC92}.Release|Any CPU.Build.0 = Release|Any CPU
		{3C730A3D-74BE-4F44-AA6D-C7727E364B8A}.Debug|Any CPU.ActiveCfg = Debug|Any CPU
		{3C730A3D-74BE-4F44-AA6D-C7727E364B8A}.Debug|Any CPU.Build.0 = Debug|Any CPU
		{3C730A3D-74BE-4F44-AA6D-C7727E364B8A}.Release|Any CPU.ActiveCfg = Release|Any CPU
		{3C730A3D-74BE-4F44-AA6D-C7727E364B8A}.Release|Any CPU.Build.0 = Release|Any CPU
	EndGlobalSection
	GlobalSection(SolutionProperties) = preSolution
		HideSolutionNode = FALSE
	EndGlobalSection
EndGlobal
